
Microsoft Visual Studio Solution File, Format Version 12.00
# Visual Studio 15
VisualStudioVersion = 15.0.28307.106
MinimumVisualStudioVersion = 10.0.40219.1
Project("{9A19103F-16F7-4668-BE54-9A1E7A4F7556}") = "IHS1", "IHS1\IHS1.csproj", "{AAF90ED7-1D2D-4DE3-8735-8363188A2971}"
EndProject
Project("{2150E333-8FDC-42A3-9474-1A3956D46DE8}") = "Install applications", "Install applications", "{E907DAFC-9CF0-48BC-BDF8-A86E7D7BE71B}"
EndProject
Project("{9A19103F-16F7-4668-BE54-9A1E7A4F7556}") = "Installer", "Installer\Installer.csproj", "{A7ABE4B9-C619-4DF3-99EE-3987FBC0E2C8}"
EndProject
Project("{2150E333-8FDC-42A3-9474-1A3956D46DE8}") = "DBHandler", "DBHandler", "{0C193838-7433-4A84-9097-F06ACACB2A8C}"
EndProject
Project("{9A19103F-16F7-4668-BE54-9A1E7A4F7556}") = "DBHandler", "ClassLibrary1\DBHandler.csproj", "{EA849533-82EA-40A1-9FEC-3E329D5DF039}"
EndProject
Project("{2150E333-8FDC-42A3-9474-1A3956D46DE8}") = "Utilities", "Utilities", "{5B336106-9EEC-42B5-AD30-D9C7DF5C75B1}"
EndProject
Project("{9A19103F-16F7-4668-BE54-9A1E7A4F7556}") = "UtilitiesMisc", "UtilitiesMisc\UtilitiesMisc.csproj", "{EFC68741-0460-45D5-84C5-DA0BB7CC4A9D}"
EndProject
Project("{2150E333-8FDC-42A3-9474-1A3956D46DE8}") = "ConfigurationManagement", "ConfigurationManagement", "{34EB8335-BFA0-49DD-908A-7403AF10F1BD}"
EndProject
Project("{9A19103F-16F7-4668-BE54-9A1E7A4F7556}") = "ConfigurationManager", "ConfigurationManager\ConfigurationManager.csproj", "{04166183-5F97-49E9-9A74-498551038D50}"
EndProject
Project("{FAE04EC0-301F-11D3-BF4B-00C04F79EFBC}") = "Installer", "Setup Manager\Installer.csproj", "{0EF190F6-B6EA-4574-941A-EF358543BFA8}"
EndProject
Project("{2150E333-8FDC-42A3-9474-1A3956D46DE8}") = "Console", "Console", "{FDAD8BC6-A098-4F50-87B6-7056DFAE0743}"
EndProject
Project("{2150E333-8FDC-42A3-9474-1A3956D46DE8}") = "WPF", "WPF", "{28C11980-B8EC-4ED2-984A-32035681D930}"
EndProject
Global
	GlobalSection(SolutionConfigurationPlatforms) = preSolution
		Debug|Any CPU = Debug|Any CPU
		Release|Any CPU = Release|Any CPU
	EndGlobalSection
	GlobalSection(ProjectConfigurationPlatforms) = postSolution
		{AAF90ED7-1D2D-4DE3-8735-8363188A2971}.Debug|Any CPU.ActiveCfg = Debug|Any CPU
		{AAF90ED7-1D2D-4DE3-8735-8363188A2971}.Debug|Any CPU.Build.0 = Debug|Any CPU
		{AAF90ED7-1D2D-4DE3-8735-8363188A2971}.Release|Any CPU.ActiveCfg = Release|Any CPU
		{AAF90ED7-1D2D-4DE3-8735-8363188A2971}.Release|Any CPU.Build.0 = Release|Any CPU
		{A7ABE4B9-C619-4DF3-99EE-3987FBC0E2C8}.Debug|Any CPU.ActiveCfg = Debug|Any CPU
		{A7ABE4B9-C619-4DF3-99EE-3987FBC0E2C8}.Debug|Any CPU.Build.0 = Debug|Any CPU
		{A7ABE4B9-C619-4DF3-99EE-3987FBC0E2C8}.Release|Any CPU.ActiveCfg = Release|Any CPU
		{A7ABE4B9-C619-4DF3-99EE-3987FBC0E2C8}.Release|Any CPU.Build.0 = Release|Any CPU
		{EA849533-82EA-40A1-9FEC-3E329D5DF039}.Debug|Any CPU.ActiveCfg = Debug|Any CPU
		{EA849533-82EA-40A1-9FEC-3E329D5DF039}.Debug|Any CPU.Build.0 = Debug|Any CPU
		{EA849533-82EA-40A1-9FEC-3E329D5DF039}.Release|Any CPU.ActiveCfg = Release|Any CPU
		{EA849533-82EA-40A1-9FEC-3E329D5DF039}.Release|Any CPU.Build.0 = Release|Any CPU
		{EFC68741-0460-45D5-84C5-DA0BB7CC4A9D}.Debug|Any CPU.ActiveCfg = Debug|Any CPU
		{EFC68741-0460-45D5-84C5-DA0BB7CC4A9D}.Debug|Any CPU.Build.0 = Debug|Any CPU
		{EFC68741-0460-45D5-84C5-DA0BB7CC4A9D}.Release|Any CPU.ActiveCfg = Release|Any CPU
		{EFC68741-0460-45D5-84C5-DA0BB7CC4A9D}.Release|Any CPU.Build.0 = Release|Any CPU
		{04166183-5F97-49E9-9A74-498551038D50}.Debug|Any CPU.ActiveCfg = Debug|Any CPU
		{04166183-5F97-49E9-9A74-498551038D50}.Debug|Any CPU.Build.0 = Debug|Any CPU
		{04166183-5F97-49E9-9A74-498551038D50}.Release|Any CPU.ActiveCfg = Release|Any CPU
		{04166183-5F97-49E9-9A74-498551038D50}.Release|Any CPU.Build.0 = Release|Any CPU
		{0EF190F6-B6EA-4574-941A-EF358543BFA8}.Debug|Any CPU.ActiveCfg = Debug|Any CPU
		{0EF190F6-B6EA-4574-941A-EF358543BFA8}.Debug|Any CPU.Build.0 = Debug|Any CPU
		{0EF190F6-B6EA-4574-941A-EF358543BFA8}.Release|Any CPU.ActiveCfg = Release|Any CPU
		{0EF190F6-B6EA-4574-941A-EF358543BFA8}.Release|Any CPU.Build.0 = Release|Any CPU
	EndGlobalSection
	GlobalSection(SolutionProperties) = preSolution
		HideSolutionNode = FALSE
	EndGlobalSection
	GlobalSection(NestedProjects) = preSolution
		{A7ABE4B9-C619-4DF3-99EE-3987FBC0E2C8} = {FDAD8BC6-A098-4F50-87B6-7056DFAE0743}
		{EA849533-82EA-40A1-9FEC-3E329D5DF039} = {0C193838-7433-4A84-9097-F06ACACB2A8C}
		{EFC68741-0460-45D5-84C5-DA0BB7CC4A9D} = {5B336106-9EEC-42B5-AD30-D9C7DF5C75B1}
		{04166183-5F97-49E9-9A74-498551038D50} = {34EB8335-BFA0-49DD-908A-7403AF10F1BD}
		{0EF190F6-B6EA-4574-941A-EF358543BFA8} = {28C11980-B8EC-4ED2-984A-32035681D930}
		{FDAD8BC6-A098-4F50-87B6-7056DFAE0743} = {E907DAFC-9CF0-48BC-BDF8-A86E7D7BE71B}
		{28C11980-B8EC-4ED2-984A-32035681D930} = {E907DAFC-9CF0-48BC-BDF8-A86E7D7BE71B}
	EndGlobalSection
	GlobalSection(ExtensibilityGlobals) = postSolution
		SolutionGuid = {F415371D-F1B9-414E-A8C3-814A45036C0E}
	EndGlobalSection
EndGlobal
